Microsoft Visual Studio Solution File, Format Version 12.00
# Visual Studio 2012
Project("{FAE04EC0-301F-11D3-BF4B-00C04F79EFBC}") = "ggj24", "ggj24.csproj", "{BE854807-7EBD-457B-BF85-A8D63D8E1B94}"
EndProject
Global
	GlobalSection(SolutionConfigurationPlatforms) = preSolution
	Debug|Any CPU = Debug|Any CPU
	ExportDebug|Any CPU = ExportDebug|Any CPU
	ExportRelease|Any CPU = ExportRelease|Any CPU
	EndGlobalSection
	GlobalSection(ProjectConfigurationPlatforms) = postSolution
		{BE854807-7EBD-457B-BF85-A8D63D8E1B94}.Debug|Any CPU.ActiveCfg = Debug|Any CPU
		{BE854807-7EBD-457B-BF85-A8D63D8E1B94}.Debug|Any CPU.Build.0 = Debug|Any CPU
		{BE854807-7EBD-457B-BF85-A8D63D8E1B94}.ExportDebug|Any CPU.ActiveCfg = ExportDebug|Any CPU
		{BE854807-7EBD-457B-BF85-A8D63D8E1B94}.ExportDebug|Any CPU.Build.0 = ExportDebug|Any CPU
		{BE854807-7EBD-457B-BF85-A8D63D8E1B94}.ExportRelease|Any CPU.ActiveCfg = ExportRelease|Any CPU
		{BE854807-7EBD-457B-BF85-A8D63D8E1B94}.ExportRelease|Any CPU.Build.0 = ExportRelease|Any CPU
	EndGlobalSection
EndGlobal
